
Microsoft Visual Studio Solution File, Format Version 12.00
# Visual Studio Version 16
VisualStudioVersion = 16.0.30114.105
MinimumVisualStudioVersion = 10.0.40219.1
Project("{FAE04EC0-301F-11D3-BF4B-00C04F79EFBC}") = "CarRent", "src\CarRent.csproj", "{1F81DFF6-0007-4CA1-8B75-60ECA2E51612}"
EndProject
Project("{FAE04EC0-301F-11D3-BF4B-00C04F79EFBC}") = "CarRent.Tests", "tests\CarRent.Tests.csproj", "{9DE489AC-7760-464B-AD83-F983444DCFEF}"
EndProject
Global
	GlobalSection(SolutionConfigurationPlatforms) = preSolution
		Debug|Any CPU = Debug|Any CPU
		Release|Any CPU = Release|Any CPU
	EndGlobalSection
	GlobalSection(SolutionProperties) = preSolution
		HideSolutionNode = FALSE
	EndGlobalSection
	GlobalSection(ProjectConfigurationPlatforms) = postSolution
		{1F81DFF6-0007-4CA1-8B75-60ECA2E51612}.Debug|Any CPU.ActiveCfg = Debug|Any CPU
		{1F81DFF6-0007-4CA1-8B75-60ECA2E51612}.Debug|Any CPU.Build.0 = Debug|Any CPU
		{1F81DFF6-0007-4CA1-8B75-60ECA2E51612}.Release|Any CPU.ActiveCfg = Release|Any CPU
		{1F81DFF6-0007-4CA1-8B75-60ECA2E51612}.Release|Any CPU.Build.0 = Release|Any CPU
		{9DE489AC-7760-464B-AD83-F983444DCFEF}.Debug|Any CPU.ActiveCfg = Debug|Any CPU
		{9DE489AC-7760-464B-AD83-F983444DCFEF}.Debug|Any CPU.Build.0 = Debug|Any CPU
		{9DE489AC-7760-464B-AD83-F983444DCFEF}.Release|Any CPU.ActiveCfg = Release|Any CPU
		{9DE489AC-7760-464B-AD83-F983444DCFEF}.Release|Any CPU.Build.0 = Release|Any CPU
	EndGlobalSection
EndGlobal
